{
  "version": 4,
  "terraform_version": "1.14.9",
  "serial": 6,
  "lineage": "a46ee36c-8972-9918-1472-fdc2331c51bc",
  "outputs": {},
  "resources": [
    {
      "mode": "managed",
      "type": "local_file",
      "name": "count_files",
      "provider": "provider[\"registry.terraform.io/hashicorp/local\"]",
      "instances": [
        {
          "index_key": 0,
          "schema_version": 0,
          "attributes": {
            "content": "count index = 0",
            "content_base64": null,
            "content_base64sha256": "nobMIGdMnw7aYb78vRjGUpFny448WKLJBaZuDnCyX+4=",
            "content_base64sha512": "Pm3rfpKUtC6d2eIiDuQNpY+RXcaV2PRl5t4aVjHVGgOPW+y2lpM+hesXOcRw998urov4PlwvI+QV5Tp6xFGh8Q==",
            "content_md5": "7ddcf7b7cee42de2212f14aa807fd975",
            "content_sha1": "d24a59d98838d3fa419a70e160778b8a233ad30e",
            "content_sha256": "9e86cc20674c9f0eda61befcbd18c6529167cb8e3c58a2c905a66e0e70b25fee",
            "content_sha512": "3e6deb7e9294b42e9dd9e2220ee40da58f915dc695d8f465e6de1a5631d51a038f5becb696933e85eb1739c470f7df2eae8bf83e5c2f23e415e53a7ac451a1f1",
            "directory_permission": "0777",
            "file_permission": "0777",
            "filename": "./count_0.txt",
            "id": "d24a59d98838d3fa419a70e160778b8a233ad30e",
            "sensitive_content": null,
            "source": null
          },
          "sensitive_attributes": [
            [
              {
                "type": "get_attr",
                "value": "sensitive_content"
              }
            ]
          ],
          "identity_schema_version": 0
        },
        {
          "index_key": 1,
          "schema_version": 0,
          "attributes": {
            "content": "count index = 1",
            "content_base64": null,
            "content_base64sha256": "gk9X6JPKKsRPArAbizKBrVjroMdrsD/zgCGxIWSYBMo=",
            "content_base64sha512": "AVbMUgxZco0FSX6oBAyUmzBZDXGCIhhGDQiHROoCxkeM3RWxCar/lTj60dfquoXQuHFpfBr9ANKfFJsDMx76xQ==",
            "content_md5": "3445c6f5e1016be29425e10b08fa2ace",
            "content_sha1": "249c1957ac0b938aaa798a25d5fd1332527e9981",
            "content_sha256": "824f57e893ca2ac44f02b01b8b3281ad58eba0c76bb03ff38021b121649804ca",
            "content_sha512": "0156cc520c59728d05497ea8040c949b30590d71822218460d088744ea02c6478cdd15b109aaff9538fad1d7eaba85d0b871697c1afd00d29f149b03331efac5",
            "directory_permission": "0777",
            "file_permission": "0777",
            "filename": "./count_1.txt",
            "id": "249c1957ac0b938aaa798a25d5fd1332527e9981",
            "sensitive_content": null,
            "source": null
          },
          "sensitive_attributes": [
            [
              {
                "type": "get_attr",
                "value": "sensitive_content"
              }
            ]
          ],
          "identity_schema_version": 0
        }
      ]
    },
    {
      "mode": "managed",
      "type": "local_file",
      "name": "foreach_files",
      "provider": "provider[\"registry.terraform.io/hashicorp/local\"]",
      "instances": [
        {
          "index_key": "dev",
          "schema_version": 0,
          "attributes": {
            "content": "env = dev",
            "content_base64": null,
            "content_base64sha256": "W5Bdn71MekNG0ChvxmBr3/apT1QJwXPKqe3I9at1Z04=",
            "content_base64sha512": "bW/fr3U1fpFDM56zV+Ezg4DGAE78l5EAlQPMcuU3BUyL9XmS0nLF+NDpjdSbrQgnYf0L29Z5yO9P9OSCfyt75g==",
            "content_md5": "70aeee031bcefa81470c812bfbf8267f",
            "content_sha1": "b9b116bf6748dfc00e10450b075d3db1e70b3a59",
            "content_sha256": "5b905d9fbd4c7a4346d0286fc6606bdff6a94f5409c173caa9edc8f5ab75674e",
            "content_sha512": "6d6fdfaf75357e9143339eb357e1338380c6004efc9791009503cc72e537054c8bf57992d272c5f8d0e98dd49bad082761fd0bdbd679c8ef4ff4e4827f2b7be6",
            "directory_permission": "0777",
            "file_permission": "0777",
            "filename": "./dev.txt",
            "id": "b9b116bf6748dfc00e10450b075d3db1e70b3a59",
            "sensitive_content": null,
            "source": null
          },
          "sensitive_attributes": [
            [
              {
                "type": "get_attr",
                "value": "sensitive_content"
              }
            ]
          ],
          "identity_schema_version": 0
        },
        {
          "index_key": "prod",
          "schema_version": 0,
          "attributes": {
            "content": "env = prod",
            "content_base64": null,
            "content_base64sha256": "k49I991whGR3x5ypD6vU0JSB/wY/gFHsnuNXkIYfqwI=",
            "content_base64sha512": "cLC6quLqsn0iC/ol/Zdk2gX6Am33Gw5DOrz0blJB6tDjX9hTRWXIVYfalpR78+onNSrW6PdFpgCiTxKWDtUE6w==",
            "content_md5": "d0e3007ced0917436bf698de2c8ba193",
            "content_sha1": "abaa7107c111e2b78c09a5125c7f833f9eef11fd",
            "content_sha256": "938f48f7dd70846477c79ca90fabd4d09481ff063f8051ec9ee35790861fab02",
            "content_sha512": "70b0baaae2eab27d220bfa25fd9764da05fa026df71b0e433abcf46e5241ead0e35fd8534565c85587da96947bf3ea27352ad6e8f745a600a24f12960ed504eb",
            "directory_permission": "0777",
            "file_permission": "0777",
            "filename": "./prod.txt",
            "id": "abaa7107c111e2b78c09a5125c7f833f9eef11fd",
            "sensitive_content": null,
            "source": null
          },
          "sensitive_attributes": [
            [
              {
                "type": "get_attr",
                "value": "sensitive_content"
              }
            ]
          ],
          "identity_schema_version": 0
        },
        {
          "index_key": "test",
          "schema_version": 0,
          "attributes": {
            "content": "env = test",
            "content_base64": null,
            "content_base64sha256": "hieD5Na+ocWxBeYKQqO9JjKfwwd1mlskfZJZmHiI0/o=",
            "content_base64sha512": "LjzwDw/nflFQChH2rF/Rqi5CAbzSxDaLKNj8vZ6CKZ3BUNitz0zqXBtnetgEw/MuJ4nRpEHet9HPhcH/LEBNzA==",
            "content_md5": "b365247d2a92dfef2b85586b9d1cde22",
            "content_sha1": "6a081f1e0b1bdbaa5e5b77af4304a339802c609c",
            "content_sha256": "862783e4d6bea1c5b105e60a42a3bd26329fc307759a5b247d9259987888d3fa",
            "content_sha512": "2e3cf00f0fe77e51500a11f6ac5fd1aa2e4201bcd2c4368b28d8fcbd9e82299dc150d8adcf4cea5c1b677ad804c3f32e2789d1a441deb7d1cf85c1ff2c404dcc",
            "directory_permission": "0777",
            "file_permission": "0777",
            "filename": "./test.txt",
            "id": "6a081f1e0b1bdbaa5e5b77af4304a339802c609c",
            "sensitive_content": null,
            "source": null
          },
          "sensitive_attributes": [
            [
              {
                "type": "get_attr",
                "value": "sensitive_content"
              }
            ]
          ],
          "identity_schema_version": 0
        }
      ]
    }
  ],
  "check_results": null
}
