{
  "version": 4,
  "terraform_version": "1.14.9",
  "serial": 1,
  "lineage": "0070578d-655b-fabe-cde5-1bbb822cffd6",
  "outputs": {},
  "resources": [
    {
      "mode": "managed",
      "type": "local_file",
      "name": "ws",
      "provider": "provider[\"registry.terraform.io/hashicorp/local\"]",
      "instances": [
        {
          "schema_version": 0,
          "attributes": {
            "content": "Current workspace is dev",
            "content_base64": null,
            "content_base64sha256": "QQ0qoNNpf9xi5wyIUCXjaEukPaI9sWeG+RUORkqXRiA=",
            "content_base64sha512": "kzwbACbuN4JSLUErs+7SF2tGsZsOSEL6+/iFP+mSWjs00xKVZ2mEn87pEJDBRLdetUCllbcy/IM+vrYk+FK9Aw==",
            "content_md5": "a8792018eb29948a5fa24cb744360fef",
            "content_sha1": "d626b831f9dd9772527ec9e1046859b2ba0cca80",
            "content_sha256": "410d2aa0d3697fdc62e70c885025e3684ba43da23db16786f9150e464a974620",
            "content_sha512": "933c1b0026ee3782522d412bb3eed2176b46b19b0e4842fafbf8853fe9925a3b34d312956769849fcee91090c144b75eb540a595b732fc833ebeb624f852bd03",
            "directory_permission": "0777",
            "file_permission": "0777",
            "filename": "./workspace_dev.txt",
            "id": "d626b831f9dd9772527ec9e1046859b2ba0cca80",
            "sensitive_content": null,
            "source": null
          },
          "sensitive_attributes": [
            [
              {
                "type": "get_attr",
                "value": "sensitive_content"
              }
            ]
          ],
          "identity_schema_version": 0
        }
      ]
    }
  ],
  "check_results": null
}
